
Microsoft Visual Studio Solution File, Format Version 12.00
# Visual Studio Version 17
VisualStudioVersion = 17.0.32014.148
MinimumVisualStudioVersion = 15.0.26124.0
Project("{9A19103F-16F7-4668-BE54-9A1E7A4F7556}") = "LibraryGenerator", "LibraryGenerator\LibraryGenerator.csproj", "{806314DE-012A-4419-89E0-3D7E7A6DCF40}"
EndProject
Project("{2150E333-8FDC-42A3-9474-1A3956D46DE8}") = "Solution Files", "Solution Files", "{203B24DA-AF61-4B18-B7F3-FAAE7D63A527}"
	ProjectSection(SolutionItems) = preProject
		..\submodules\bnetapi\openapi.json = ..\submodules\bnetapi\openapi.json
	EndProjectSection
EndProject
Global
	GlobalSection(SolutionConfigurationPlatforms) = preSolution
		Debug|Any CPU = Debug|Any CPU
		Release|Any CPU = Release|Any CPU
	EndGlobalSection
	GlobalSection(ProjectConfigurationPlatforms) = postSolution
		{806314DE-012A-4419-89E0-3D7E7A6DCF40}.Debug|Any CPU.ActiveCfg = Debug|Any CPU
		{806314DE-012A-4419-89E0-3D7E7A6DCF40}.Debug|Any CPU.Build.0 = Debug|Any CPU
		{806314DE-012A-4419-89E0-3D7E7A6DCF40}.Release|Any CPU.ActiveCfg = Release|Any CPU
		{806314DE-012A-4419-89E0-3D7E7A6DCF40}.Release|Any CPU.Build.0 = Release|Any CPU
	EndGlobalSection
	GlobalSection(SolutionProperties) = preSolution
		HideSolutionNode = FALSE
	EndGlobalSection
	GlobalSection(ExtensibilityGlobals) = postSolution
		SolutionGuid = {62ED631A-24A2-43C7-BD58-24332B0FD1C7}
	EndGlobalSection
EndGlobal
