
Microsoft Visual Studio Solution File, Format Version 12.00
# Visual Studio Version 16
VisualStudioVersion = 16.0.30128.74
MinimumVisualStudioVersion = 15.0.26124.0
Project("{9A19103F-16F7-4668-BE54-9A1E7A4F7556}") = "MadReflection.BungieNetApi.Entities", "MadReflection.BungieNetApi.Entities\MadReflection.BungieNetApi.Entities.csproj", "{CD1AF043-906D-4BFA-8A1F-38D2022FE772}"
EndProject
Project("{9A19103F-16F7-4668-BE54-9A1E7A4F7556}") = "MadReflection.BungieNetApi.Client", "MadReflection.BungieNetApi.Client\MadReflection.BungieNetApi.Client.csproj", "{5A910002-56C4-4FAE-AA0C-0CCB1361F025}"
EndProject
Project("{9A19103F-16F7-4668-BE54-9A1E7A4F7556}") = "MadReflection.BungieNetApi.Tests", "MadReflection.BungieNetApi.Tests\MadReflection.BungieNetApi.Tests.csproj", "{36D77E71-9002-4A1B-B1B6-7AAB7D9E0CDD}"
EndProject
Project("{2150E333-8FDC-42A3-9474-1A3956D46DE8}") = "Solution Files", "Solution Files", "{A55C2399-376D-44B6-A0E8-C654E141DE27}"
	ProjectSection(SolutionItems) = preProject
		..\submodules\bnetapi\openapi.json = ..\submodules\bnetapi\openapi.json
	EndProjectSection
EndProject
Global
	GlobalSection(SolutionConfigurationPlatforms) = preSolution
		Debug|Any CPU = Debug|Any CPU
		Release|Any CPU = Release|Any CPU
	EndGlobalSection
	GlobalSection(ProjectConfigurationPlatforms) = postSolution
		{CD1AF043-906D-4BFA-8A1F-38D2022FE772}.Debug|Any CPU.ActiveCfg = Debug|Any CPU
		{CD1AF043-906D-4BFA-8A1F-38D2022FE772}.Debug|Any CPU.Build.0 = Debug|Any CPU
		{CD1AF043-906D-4BFA-8A1F-38D2022FE772}.Release|Any CPU.ActiveCfg = Release|Any CPU
		{CD1AF043-906D-4BFA-8A1F-38D2022FE772}.Release|Any CPU.Build.0 = Release|Any CPU
		{5A910002-56C4-4FAE-AA0C-0CCB1361F025}.Debug|Any CPU.ActiveCfg = Debug|Any CPU
		{5A910002-56C4-4FAE-AA0C-0CCB1361F025}.Debug|Any CPU.Build.0 = Debug|Any CPU
		{5A910002-56C4-4FAE-AA0C-0CCB1361F025}.Release|Any CPU.ActiveCfg = Release|Any CPU
		{5A910002-56C4-4FAE-AA0C-0CCB1361F025}.Release|Any CPU.Build.0 = Release|Any CPU
		{36D77E71-9002-4A1B-B1B6-7AAB7D9E0CDD}.Debug|Any CPU.ActiveCfg = Debug|Any CPU
		{36D77E71-9002-4A1B-B1B6-7AAB7D9E0CDD}.Debug|Any CPU.Build.0 = Debug|Any CPU
		{36D77E71-9002-4A1B-B1B6-7AAB7D9E0CDD}.Release|Any CPU.ActiveCfg = Release|Any CPU
		{36D77E71-9002-4A1B-B1B6-7AAB7D9E0CDD}.Release|Any CPU.Build.0 = Release|Any CPU
	EndGlobalSection
	GlobalSection(SolutionProperties) = preSolution
		HideSolutionNode = FALSE
	EndGlobalSection
	GlobalSection(ExtensibilityGlobals) = postSolution
		SolutionGuid = {62ED631A-24A2-43C7-BD58-24332B0FD1C7}
	EndGlobalSection
EndGlobal
